
Microsoft Visual Studio Solution File, Format Version 12.00
# Visual Studio Version 17
VisualStudioVersion = 17.6.33829.357
MinimumVisualStudioVersion = 10.0.40219.1
Project("{FAE04EC0-301F-11D3-BF4B-00C04F79EFBC}") = "WorkingWithCRUD_Operation", "WorkingWithCRUD_Operation\WorkingWithCRUD_Operation.csproj", "{39AEC512-C34E-4B7C-95BB-F9C6DB085948}"
EndProject
Global
	GlobalSection(SolutionConfigurationPlatforms) = preSolution
		Debug|Any CPU = Debug|Any CPU
		Release|Any CPU = Release|Any CPU
	EndGlobalSection
	GlobalSection(ProjectConfigurationPlatforms) = postSolution
		{39AEC512-C34E-4B7C-95BB-F9C6DB085948}.Debug|Any CPU.ActiveCfg = Debug|Any CPU
		{39AEC512-C34E-4B7C-95BB-F9C6DB085948}.Debug|Any CPU.Build.0 = Debug|Any CPU
		{39AEC512-C34E-4B7C-95BB-F9C6DB085948}.Release|Any CPU.ActiveCfg = Release|Any CPU
		{39AEC512-C34E-4B7C-95BB-F9C6DB085948}.Release|Any CPU.Build.0 = Release|Any CPU
	EndGlobalSection
	GlobalSection(SolutionProperties) = preSolution
		HideSolutionNode = FALSE
	EndGlobalSection
	GlobalSection(ExtensibilityGlobals) = postSolution
		SolutionGuid = {090DB86C-7A8C-4FBA-B4FA-E72BBC2BB51E}
	EndGlobalSection
EndGlobal
